
Microsoft Visual Studio Solution File, Format Version 12.00
# Visual Studio Version 16
VisualStudioVersion = 16.0.29025.244
MinimumVisualStudioVersion = 10.0.40219.1
Project("{FAE04EC0-301F-11D3-BF4B-00C04F79EFBC}") = "TestLib", "TestLib\TestLib.csproj", "{919AE60E-BF6E-4D4A-80A6-543FC77F2F64}"
EndProject
Project("{FAE04EC0-301F-11D3-BF4B-00C04F79EFBC}") = "console", "console\console.csproj", "{417D6184-BB6D-4949-B697-D2DF81BA7570}"
EndProject
Global
	GlobalSection(SolutionConfigurationPlatforms) = preSolution
		Debug|Any CPU = Debug|Any CPU
		Release|Any CPU = Release|Any CPU
	EndGlobalSection
	GlobalSection(ProjectConfigurationPlatforms) = postSolution
		{919AE60E-BF6E-4D4A-80A6-543FC77F2F64}.Debug|Any CPU.ActiveCfg = Debug|Any CPU
		{919AE60E-BF6E-4D4A-80A6-543FC77F2F64}.Debug|Any CPU.Build.0 = Debug|Any CPU
		{919AE60E-BF6E-4D4A-80A6-543FC77F2F64}.Release|Any CPU.ActiveCfg = Release|Any CPU
		{919AE60E-BF6E-4D4A-80A6-543FC77F2F64}.Release|Any CPU.Build.0 = Release|Any CPU
		{417D6184-BB6D-4949-B697-D2DF81BA7570}.Debug|Any CPU.ActiveCfg = Debug|Any CPU
		{417D6184-BB6D-4949-B697-D2DF81BA7570}.Debug|Any CPU.Build.0 = Debug|Any CPU
		{417D6184-BB6D-4949-B697-D2DF81BA7570}.Release|Any CPU.ActiveCfg = Release|Any CPU
		{417D6184-BB6D-4949-B697-D2DF81BA7570}.Release|Any CPU.Build.0 = Release|Any CPU
	EndGlobalSection
	GlobalSection(SolutionProperties) = preSolution
		HideSolutionNode = FALSE
	EndGlobalSection
	GlobalSection(ExtensibilityGlobals) = postSolution
		SolutionGuid = {DBDFDCA6-4411-4ACF-A1FB-F33CA537B477}
	EndGlobalSection
EndGlobal
